
Microsoft Visual Studio Solution File, Format Version 12.00
# Visual Studio Version 16
VisualStudioVersion = 16.0.28803.352
MinimumVisualStudioVersion = 10.0.40219.1
Project("{FAE04EC0-301F-11D3-BF4B-00C04F79EFBC}") = "VSDrillTestPage", "VSDrillTestPage\VSDrillTestPage.csproj", "{3D142FAB-BEB2-4EFF-B2C5-12127B77EC17}"
EndProject
Global
	GlobalSection(SolutionConfigurationPlatforms) = preSolution
		Debug|Any CPU = Debug|Any CPU
		Release|Any CPU = Release|Any CPU
	EndGlobalSection
	GlobalSection(ProjectConfigurationPlatforms) = postSolution
		{3D142FAB-BEB2-4EFF-B2C5-12127B77EC17}.Debug|Any CPU.ActiveCfg = Debug|Any CPU
		{3D142FAB-BEB2-4EFF-B2C5-12127B77EC17}.Debug|Any CPU.Build.0 = Debug|Any CPU
		{3D142FAB-BEB2-4EFF-B2C5-12127B77EC17}.Release|Any CPU.ActiveCfg = Release|Any CPU
		{3D142FAB-BEB2-4EFF-B2C5-12127B77EC17}.Release|Any CPU.Build.0 = Release|Any CPU
	EndGlobalSection
	GlobalSection(SolutionProperties) = preSolution
		HideSolutionNode = FALSE
	EndGlobalSection
	GlobalSection(ExtensibilityGlobals) = postSolution
		SolutionGuid = {7378A739-03CC-443D-AE58-19D989FF68B8}
	EndGlobalSection
EndGlobal
